
Microsoft Visual Studio Solution File, Format Version 12.00
# Visual Studio Version 17
VisualStudioVersion = 17.4.33103.184
MinimumVisualStudioVersion = 10.0.40219.1
Project("{FAE04EC0-301F-11D3-BF4B-00C04F79EFBC}") = "Recap_2_1", "Recap_2_1\Recap_2_1.csproj", "{DAB0D671-5667-47EC-B52A-3018A3B9A603}"
EndProject
Global
	GlobalSection(SolutionConfigurationPlatforms) = preSolution
		Debug|Any CPU = Debug|Any CPU
		Release|Any CPU = Release|Any CPU
	EndGlobalSection
	GlobalSection(ProjectConfigurationPlatforms) = postSolution
		{DAB0D671-5667-47EC-B52A-3018A3B9A603}.Debug|Any CPU.ActiveCfg = Debug|Any CPU
		{DAB0D671-5667-47EC-B52A-3018A3B9A603}.Debug|Any CPU.Build.0 = Debug|Any CPU
		{DAB0D671-5667-47EC-B52A-3018A3B9A603}.Release|Any CPU.ActiveCfg = Release|Any CPU
		{DAB0D671-5667-47EC-B52A-3018A3B9A603}.Release|Any CPU.Build.0 = Release|Any CPU
	EndGlobalSection
	GlobalSection(SolutionProperties) = preSolution
		HideSolutionNode = FALSE
	EndGlobalSection
	GlobalSection(ExtensibilityGlobals) = postSolution
		SolutionGuid = {1EA5B320-F688-412C-9734-7358355373B8}
	EndGlobalSection
EndGlobal
